// !$*UTF8*$!
{
	archiveVersion = 1;
	classes = {
	};
	objectVersion = 46;
	objects = {

/* Begin PBXBuildFile section */
		92A07CA919F0B17E00E8B14F /* AppDelegate.swift in Sources */ = {isa = PBXBuildFile; fileRef = 92A07CA819F0B17E00E8B14F /* AppDelegate.swift */; };
		92A07CAB19F0B17E00E8B14F /* ViewController.swift in Sources */ = {isa = PBXBuildFile; fileRef = 92A07CAA19F0B17E00E8B14F /* ViewController.swift */; };
		92A07CAE19F0B17E00E8B14F /* Main.storyboard in Resources */ = {isa = PBXBuildFile; fileRef = 92A07CAC19F0B17E00E8B14F /* Main.storyboard */; };
		92A07CB019F0B17E00E8B14F /* Images.xcassets in Resources */ = {isa = PBXBuildFile; fileRef = 92A07CAF19F0B17E00E8B14F /* Images.xcassets */; };
		92A07CB319F0B17E00E8B14F /* LaunchScreen.xib in Resources */ = {isa = PBXBuildFile; fileRef = 92A07CB119F0B17E00E8B14F /* LaunchScreen.xib */; };
		92A07CBF19F0B17E00E8B14F /* FortunaTests.swift in Sources */ = {isa = PBXBuildFile; fileRef = 92A07CBE19F0B17E00E8B14F /* FortunaTests.swift */; };
/* End PBXBuildFile section */

/* Begin PBXContainerItemProxy section */
		92A07CB919F0B17E00E8B14F /* PBXContainerItemProxy */ = {
			isa = PBXContainerItemProxy;
			containerPortal = 92A07C9B19F0B17E00E8B14F /* Project object */;
			proxyType = 1;
			remoteGlobalIDString = 92A07CA219F0B17E00E8B14F;
			remoteInfo = Fortuna;
		};
/* End PBXContainerItemProxy section */

/* Begin PBXFileReference section */
		92A07CA319F0B17E00E8B14F /* Fortuna.app */ = {isa = PBXFileReference; explicitFileType = wrapper.application; includeInIndex = 0; path = Fortuna.app; sourceTree = BUILT_PRODUCTS_DIR; };
		92A07CA719F0B17E00E8B14F /* Info.plist */ = {isa = PBXFileReference; lastKnownFileType = text.plist.xml; path = Info.plist; sourceTree = "<group>"; };
		92A07CA819F0B17E00E8B14F /* AppDelegate.swift */ = {isa = PBXFileReference; lastKnownFileType = sourcecode.swift; path = AppDelegate.swift; sourceTree = "<group>"; };
		92A07CAA19F0B17E00E8B14F /* ViewController.swift */ = {isa = PBXFileReference; lastKnownFileType = sourcecode.swift; path = ViewController.swift; sourceTree = "<group>"; };
		92A07CAD19F0B17E00E8B14F /* Base */ = {isa = PBXFileReference; lastKnownFileType = file.storyboard; name = Base; path = Base.lproj/Main.storyboard; sourceTree = "<group>"; };
		92A07CAF19F0B17E00E8B14F /* Images.xcassets */ = {isa = PBXFileReference; lastKnownFileType = folder.assetcatalog; path = Images.xcassets; sourceTree = "<group>"; };
		92A07CB219F0B17E00E8B14F /* Base */ = {isa = PBXFileReference; lastKnownFileType = file.xib; name = Base; path = Base.lproj/LaunchScreen.xib; sourceTree = "<group>"; };
		92A07CB819F0B17E00E8B14F /* FortunaTests.xctest */ = {isa = PBXFileReference; explicitFileType = wrapper.cfbundle; includeInIndex = 0; path = FortunaTests.xctest; sourceTree = BUILT_PRODUCTS_DIR; };
		92A07CBD19F0B17E00E8B14F /* Info.plist */ = {isa = PBXFileReference; lastKnownFileType = text.plist.xml; path = Info.plist; sourceTree = "<group>"; };
		92A07CBE19F0B17E00E8B14F /* FortunaTests.swift */ = {isa = PBXFileReference; lastKnownFileType = sourcecode.swift; path = FortunaTests.swift; sourceTree = "<group>"; };
/* End PBXFileReference section */

/* Begin PBXFrameworksBuildPhase section */
		92A07CA019F0B17E00E8B14F /* Frameworks */ = {
			isa = PBXFrameworksBuildPhase;
			buildActionMask = 2147483647;
			files = (
			);
			runOnlyForDeploymentPostprocessing = 0;
		};
		92A07CB519F0B17E00E8B14F /* Frameworks */ = {
			isa = PBXFrameworksBuildPhase;
			buildActionMask = 2147483647;
			files = (
			);
			runOnlyForDeploymentPostprocessing = 0;
		};
/* End PBXFrameworksBuildPhase section */

/* Begin PBXGroup section */
		92A07C9A19F0B17E00E8B14F = {
			isa = PBXGroup;
			children = (
				92A07CA519F0B17E00E8B14F /* Fortuna */,
				92A07CBB19F0B17E00E8B14F /* FortunaTests */,
				92A07CA419F0B17E00E8B14F /* Products */,
			);
			sourceTree = "<group>";
		};
		92A07CA419F0B17E00E8B14F /* Products */ = {
			isa = PBXGroup;
			children = (
				92A07CA319F0B17E00E8B14F /* Fortuna.app */,
				92A07CB819F0B17E00E8B14F /* FortunaTests.xctest */,
			);
			name = Products;
			sourceTree = "<group>";
		};
		92A07CA519F0B17E00E8B14F /* Fortuna */ = {
			isa = PBXGroup;
			children = (
				92A07CA819F0B17E00E8B14F /* AppDelegate.swift */,
				92A07CAA19F0B17E00E8B14F /* ViewController.swift */,
				92A07CAC19F0B17E00E8B14F /* Main.storyboard */,
				92A07CAF19F0B17E00E8B14F /* Images.xcassets */,
				92A07CB119F0B17E00E8B14F /* LaunchScreen.xib */,
				92A07CA619F0B17E00E8B14F /* Supporting Files */,
			);
			path = Fortuna;
			sourceTree = "<group>";
		};
		92A07CA619F0B17E00E8B14F /* Supporting Files */ = {
			isa = PBXGroup;
			children = (
				92A07CA719F0B17E00E8B14F /* Info.plist */,
			);
			name = "Supporting Files";
			sourceTree = "<group>";
		};
		92A07CBB19F0B17E00E8B14F /* FortunaTests */ = {
			isa = PBXGroup;
			children = (
				92A07CBE19F0B17E00E8B14F /* FortunaTests.swift */,
				92A07CBC19F0B17E00E8B14F /* Supporting Files */,
			);
			path = FortunaTests;
			sourceTree = "<group>";
		};
		92A07CBC19F0B17E00E8B14F /* Supporting Files */ = {
			isa = PBXGroup;
			children = (
				92A07CBD19F0B17E00E8B14F /* Info.plist */,
			);
			name = "Supporting Files";
			sourceTree = "<group>";
		};
/* End PBXGroup section */

/* Begin PBXNativeTarget section */
		92A07CA219F0B17E00E8B14F /* Fortuna */ = {
			isa = PBXNativeTarget;
			buildConfigurationList = 92A07CC219F0B17E00E8B14F /* Build configuration list for PBXNativeTarget "Fortuna" */;
			buildPhases = (
				92A07C9F19F0B17E00E8B14F /* Sources */,
				92A07CA019F0B17E00E8B14F /* Frameworks */,
				92A07CA119F0B17E00E8B14F /* Resources */,
			);
			buildRules = (
			);
			dependencies = (
			);
			name = Fortuna;
			productName = Fortuna;
			productReference = 92A07CA319F0B17E00E8B14F /* Fortuna.app */;
			productType = "com.apple.product-type.application";
		};
		92A07CB719F0B17E00E8B14F /* FortunaTests */ = {
			isa = PBXNativeTarget;
			buildConfigurationList = 92A07CC519F0B17E00E8B14F /* Build configuration list for PBXNativeTarget "FortunaTests" */;
			buildPhases = (
				92A07CB419F0B17E00E8B14F /* Sources */,
				92A07CB519F0B17E00E8B14F /* Frameworks */,
				92A07CB619F0B17E00E8B14F /* Resources */,
			);
			buildRules = (
			);
			dependencies = (
				92A07CBA19F0B17E00E8B14F /* PBXTargetDependency */,
			);
			name = FortunaTests;
			productName = FortunaTests;
			productReference = 92A07CB819F0B17E00E8B14F /* FortunaTests.xctest */;
			productType = "com.apple.product-type.bundle.unit-test";
		};
/* End PBXNativeTarget section */

/* Begin PBXProject section */
		92A07C9B19F0B17E00E8B14F /* Project object */ = {
			isa = PBXProject;
			attributes = {
				LastUpgradeCheck = 0610;
				ORGANIZATIONNAME = Cee;
				TargetAttributes = {
					92A07CA219F0B17E00E8B14F = {
						CreatedOnToolsVersion = 6.1;
					};
					92A07CB719F0B17E00E8B14F = {
						CreatedOnToolsVersion = 6.1;
						TestTargetID = 92A07CA219F0B17E00E8B14F;
					};
				};
			};
			buildConfigurationList = 92A07C9E19F0B17E00E8B14F /* Build configuration list for PBXProject "Fortuna" */;
			compatibilityVersion = "Xcode 3.2";
			developmentRegion = English;
			hasScannedForEncodings = 0;
			knownRegions = (
				en,
				Base,
			);
			mainGroup = 92A07C9A19F0B17E00E8B14F;
			productRefGroup = 92A07CA419F0B17E00E8B14F /* Products */;
			projectDirPath = "";
			projectRoot = "";
			targets = (
				92A07CA219F0B17E00E8B14F /* Fortuna */,
				92A07CB719F0B17E00E8B14F /* FortunaTests */,
			);
		};
/* End PBXProject section */

/* Begin PBXResourcesBuildPhase section */
		92A07CA119F0B17E00E8B14F /* Resources */ = {
			isa = PBXResourcesBuildPhase;
			buildActionMask = 2147483647;
			files = (
				92A07CAE19F0B17E00E8B14F /* Main.storyboard in Resources */,
				92A07CB319F0B17E00E8B14F /* LaunchScreen.xib in Resources */,
				92A07CB019F0B17E00E8B14F /* Images.xcassets in Resources */,
			);
			runOnlyForDeploymentPostprocessing = 0;
		};
		92A07CB619F0B17E00E8B14F /* Resources */ = {
			isa = PBXResourcesBuildPhase;
			buildActionMask = 2147483647;
			files = (
			);
			runOnlyForDeploymentPostprocessing = 0;
		};
/* End PBXResourcesBuildPhase section */

/* Begin PBXSourcesBuildPhase section */
		92A07C9F19F0B17E00E8B14F /* Sources */ = {
			isa = PBXSourcesBuildPhase;
			buildActionMask = 2147483647;
			files = (
				92A07CAB19F0B17E00E8B14F /* ViewController.swift in Sources */,
				92A07CA919F0B17E00E8B14F /* AppDelegate.swift in Sources */,
			);
			runOnlyForDeploymentPostprocessing = 0;
		};
		92A07CB419F0B17E00E8B14F /* Sources */ = {
			isa = PBXSourcesBuildPhase;
			buildActionMask = 2147483647;
			files = (
				92A07CBF19F0B17E00E8B14F /* FortunaTests.swift in Sources */,
			);
			runOnlyForDeploymentPostprocessing = 0;
		};
/* End PBXSourcesBuildPhase section */

/* Begin PBXTargetDependency section */
		92A07CBA19F0B17E00E8B14F /* PBXTargetDependency */ = {
			isa = PBXTargetDependency;
			target = 92A07CA219F0B17E00E8B14F /* Fortuna */;
			targetProxy = 92A07CB919F0B17E00E8B14F /* PBXContainerItemProxy */;
		};
/* End PBXTargetDependency section */

/* Begin PBXVariantGroup section */
		92A07CAC19F0B17E00E8B14F /* Main.storyboard */ = {
			isa = PBXVariantGroup;
			children = (
				92A07CAD19F0B17E00E8B14F /* Base */,
			);
			name = Main.storyboard;
			sourceTree = "<group>";
		};
		92A07CB119F0B17E00E8B14F /* LaunchScreen.xib */ = {
			isa = PBXVariantGroup;
			children = (
				92A07CB219F0B17E00E8B14F /* Base */,
			);
			name = LaunchScreen.xib;
			sourceTree = "<group>";
		};
/* End PBXVariantGroup section */

/* Begin XCBuildConfiguration section */
		92A07CC019F0B17E00E8B14F /* Debug */ = {
			isa = XCBuildConfiguration;
			buildSettings = {
				ALWAYS_SEARCH_USER_PATHS = NO;
				CLANG_CXX_LANGUAGE_STANDARD = "gnu++0x";
				CLANG_CXX_LIBRARY = "libc++";
				CLANG_ENABLE_MODULES = YES;
				CLANG_ENABLE_OBJC_ARC = YES;
				CLANG_WARN_BOOL_CONVERSION = YES;
				CLANG_WARN_CONSTANT_CONVERSION = YES;
				CLANG_WARN_DIRECT_OBJC_ISA_USAGE = YES_ERROR;
				CLANG_WARN_EMPTY_BODY = YES;
				CLANG_WARN_ENUM_CONVERSION = YES;
				CLANG_WARN_INT_CONVERSION = YES;
				CLANG_WARN_OBJC_ROOT_CLASS = YES_ERROR;
				CLANG_WARN_UNREACHABLE_CODE = YES;
				CLANG_WARN__DUPLICATE_METHOD_MATCH = YES;
				"CODE_SIGN_IDENTITY[sdk=iphoneos*]" = "iPhone Developer";
				COPY_PHASE_STRIP = NO;
				ENABLE_STRICT_OBJC_MSGSEND = YES;
				GCC_C_LANGUAGE_STANDARD = gnu99;
				GCC_DYNAMIC_NO_PIC = NO;
				GCC_OPTIMIZATION_LEVEL = 0;
				GCC_PREPROCESSOR_DEFINITIONS = (
					"DEBUG=1",
					"$(inherited)",
				);
				GCC_SYMBOLS_PRIVATE_EXTERN = NO;
				GCC_WARN_64_TO_32_BIT_CONVERSION = YES;
				GCC_WARN_ABOUT_RETURN_TYPE = YES_ERROR;
				GCC_WARN_UNDECLARED_SELECTOR = YES;
				GCC_WARN_UNINITIALIZED_AUTOS = YES_AGGRESSIVE;
				GCC_WARN_UNUSED_FUNCTION = YES;
				GCC_WARN_UNUSED_VARIABLE = YES;
				IPHONEOS_DEPLOYMENT_TARGET = 8.1;
				MTL_ENABLE_DEBUG_INFO = YES;
				ONLY_ACTIVE_ARCH = YES;
				SDKROOT = iphoneos;
				SWIFT_OPTIMIZATION_LEVEL = "-Onone";
			};
			name = Debug;
		};
		92A07CC119F0B17E00E8B14F /* Release */ = {
			isa = XCBuildConfiguration;
			buildSettings = {
				ALWAYS_SEARCH_USER_PATHS = NO;
				CLANG_CXX_LANGUAGE_STANDARD = "gnu++0x";
				CLANG_CXX_LIBRARY = "libc++";
				CLANG_ENABLE_MODULES = YES;
				CLANG_ENABLE_OBJC_ARC = YES;
				CLANG_WARN_BOOL_CONVERSION = YES;
				CLANG_WARN_CONSTANT_CONVERSION = YES;
				CLANG_WARN_DIRECT_OBJC_ISA_USAGE = YES_ERROR;
				CLANG_WARN_EMPTY_BODY = YES;
				CLANG_WARN_ENUM_CONVERSION = YES;
				CLANG_WARN_INT_CONVERSION = YES;
				CLANG_WARN_OBJC_ROOT_CLASS = YES_ERROR;
				CLANG_WARN_UNREACHABLE_CODE = YES;
				CLANG_WARN__DUPLICATE_METHOD_MATCH = YES;
				"CODE_SIGN_IDENTITY[sdk=iphoneos*]" = "iPhone Developer";
				COPY_PHASE_STRIP = YES;
				ENABLE_NS_ASSERTIONS = NO;
				ENABLE_STRICT_OBJC_MSGSEND = YES;
				GCC_C_LANGUAGE_STANDARD = gnu99;
				GCC_WARN_64_TO_32_BIT_CONVERSION = YES;
				GCC_WARN_ABOUT_RETURN_TYPE = YES_ERROR;
				GCC_WARN_UNDECLARED_SELECTOR = YES;
				GCC_WARN_UNINITIALIZED_AUTOS = YES_AGGRESSIVE;
				GCC_WARN_UNUSED_FUNCTION = YES;
				GCC_WARN_UNUSED_VARIABLE = YES;
				IPHONEOS_DEPLOYMENT_TARGET = 8.1;
				MTL_ENABLE_DEBUG_INFO = NO;
				SDKROOT = iphoneos;
				VALIDATE_PRODUCT = YES;
			};
			name = Release;
		};
		92A07CC319F0B17E00E8B14F /* Debug */ = {
			isa = XCBuildConfiguration;
			buildSettings = {
				ASSETCATALOG_COMPILER_APPICON_NAME = AppIcon;
				INFOPLIST_FILE = Fortuna/Info.plist;
				LD_RUNPATH_SEARCH_PATHS = "$(inherited) @executable_path/Frameworks";
				PRODUCT_NAME = "$(TARGET_NAME)";
			};
			name = Debug;
		};
		92A07CC419F0B17E00E8B14F /* Release */ = {
			isa = XCBuildConfiguration;
			buildSettings = {
				ASSETCATALOG_COMPILER_APPICON_NAME = AppIcon;
				INFOPLIST_FILE = Fortuna/Info.plist;
				LD_RUNPATH_SEARCH_PATHS = "$(inherited) @executable_path/Frameworks";
				PRODUCT_NAME = "$(TARGET_NAME)";
			};
			name = Release;
		};
		92A07CC619F0B17E00E8B14F /* Debug */ = {
			isa = XCBuildConfiguration;
			buildSettings = {
				BUNDLE_LOADER = "$(TEST_HOST)";
				FRAMEWORK_SEARCH_PATHS = (
					"$(SDKROOT)/Developer/Library/Frameworks",
					"$(inherited)",
				);
				GCC_PREPROCESSOR_DEFINITIONS = (
					"DEBUG=1",
					"$(inherited)",
				);
				INFOPLIST_FILE = FortunaTests/Info.plist;
				LD_RUNPATH_SEARCH_PATHS = "$(inherited) @executable_path/Frameworks @loader_path/Frameworks";
				PRODUCT_NAME = "$(TARGET_NAME)";
				TEST_HOST = "$(BUILT_PRODUCTS_DIR)/Fortuna.app/Fortuna";
			};
			name = Debug;
		};
		92A07CC719F0B17E00E8B14F /* Release */ = {
			isa = XCBuildConfiguration;
			buildSettings = {
				BUNDLE_LOADER = "$(TEST_HOST)";
				FRAMEWORK_SEARCH_PATHS = (
					"$(SDKROOT)/Developer/Library/Frameworks",
					"$(inherited)",
				);
				INFOPLIST_FILE = FortunaTests/Info.plist;
				LD_RUNPATH_SEARCH_PATHS = "$(inherited) @executable_path/Frameworks @loader_path/Frameworks";
				PRODUCT_NAME = "$(TARGET_NAME)";
				TEST_HOST = "$(BUILT_PRODUCTS_DIR)/Fortuna.app/Fortuna";
			};
			name = Release;
		};
/* End XCBuildConfiguration section */

/* Begin XCConfigurationList section */
		92A07C9E19F0B17E00E8B14F /* Build configuration list for PBXProject "Fortuna" */ = {
			isa = XCConfigurationList;
			buildConfigurations = (
				92A07CC019F0B17E00E8B14F /* Debug */,
				92A07CC119F0B17E00E8B14F /* Release */,
			);
			defaultConfigurationIsVisible = 0;
			defaultConfigurationName = Release;
		};
		92A07CC219F0B17E00E8B14F /* Build configuration list for PBXNativeTarget "Fortuna" */ = {
			isa = XCConfigurationList;
			buildConfigurations = (
				92A07CC319F0B17E00E8B14F /* Debug */,
				92A07CC419F0B17E00E8B14F /* Release */,
			);
			defaultConfigurationIsVisible = 0;
		};
		92A07CC519F0B17E00E8B14F /* Build configuration list for PBXNativeTarget "FortunaTests" */ = {
			isa = XCConfigurationList;
			buildConfigurations = (
				92A07CC619F0B17E00E8B14F /* Debug */,
				92A07CC719F0B17E00E8B14F /* Release */,
			);
			defaultConfigurationIsVisible = 0;
		};
/* End XCConfigurationList section */
	};
	rootObject = 92A07C9B19F0B17E00E8B14F /* Project object */;
}
